{
  "name": "bithumb-grid-farmer",
  "version": "0.1.0",
  "lockfileVersion": 3,
  "requires": true,
  "packages": {
    "": {
      "name": "bithumb-grid-farmer",
      "version": "0.1.0",
      "workspaces": [
        "apps/grid-bot",
        "apps/dashboard",
        "packages/shared"
      ],
      "devDependencies": {
        "typescript": "^5.5.0"
      }
    },
    "apps/dashboard": {
      "name": "@grid-farmer/dashboard",
      "version": "0.1.0"
    },
    "apps/grid-bot": {
      "name": "@grid-farmer/grid-bot",
      "version": "0.1.0"
    },
    "node_modules/@grid-farmer/dashboard": {
      "resolved": "apps/dashboard",
      "link": true
    },
    "node_modules/@grid-farmer/grid-bot": {
      "resolved": "apps/grid-bot",
      "link": true
    },
    "node_modules/@grid-farmer/shared": {
      "resolved": "packages/shared",
      "link": true
    },
    "node_modules/typescript": {
      "version": "5.9.3",
      "resolved": "https://registry.npmjs.org/typescript/-/typescript-5.9.3.tgz",
      "integrity": "sha512-jl1vZzPDinLr9eUt3J/t7V6FgNEw9QjvBPdysz9KfQDD41fQrC2Y4vKQdiaUpFT4bXlb1RHhLpp8wtm6M5TgSw==",
      "dev": true,
      "license": "Apache-2.0",
      "bin": {
        "tsc": "bin/tsc",
        "tsserver": "bin/tsserver"
      },
      "engines": {
        "node": ">=14.17"
      }
    },
    "packages/shared": {
      "name": "@grid-farmer/shared",
      "version": "0.1.0"
    }
  }
}
